{
  "object": {
    "pins": [
      {
        "package": "Alamofire",
        "repositoryURL": "https://github.com/Alamofire/Alamofire.git",
        "state": {
          "branch": "master",
          "revision": "4e1103600bef06bd26e42564063e8fe8c25ef3d2",
          "version": null
        }
      },
      {
        "package": "Kingfisher",
        "repositoryURL": "https://github.com/onevcat/Kingfisher.git",
        "state": {
          "branch": "master",
          "revision": "5957c8f09e3f048de42a6fb8dcb467cc0ac4e7b4",
          "version": null
        }
      },
      {
        "package": "Reusable",
        "repositoryURL": "https://github.com/AliSoftware/Reusable.git",
        "state": {
          "branch": null,
          "revision": "18674709421360e210c2ecd4e8e08b217d4ea61d",
          "version": "4.1.2"
        }
      },
      {
        "package": "RxDataSources",
        "repositoryURL": "https://github.com/RxSwiftCommunity/RxDataSources.git",
        "state": {
          "branch": null,
          "revision": "90c29b48b628479097fe775ed1966d75ac374518",
          "version": "5.0.2"
        }
      },
      {
        "package": "RxFlow",
        "repositoryURL": "https://github.com/RxSwiftCommunity/RxFlow.git",
        "state": {
          "branch": null,
          "revision": "8114d4781b9c5de693ed225cfb28ca3b695b023a",
          "version": "2.12.4"
        }
      },
      {
        "package": "RxSwift",
        "repositoryURL": "https://github.com/ReactiveX/RxSwift.git",
        "state": {
          "branch": null,
          "revision": "b4307ba0b6425c0ba4178e138799946c3da594f8",
          "version": "6.5.0"
        }
      },
      {
        "package": "Swinject",
        "repositoryURL": "https://github.com/Swinject/Swinject.git",
        "state": {
          "branch": "master",
          "revision": "f10b6e9ebff440f985c43008f7c2d097639fcb81",
          "version": null
        }
      }
    ]
  },
  "version": 1
}
